
Microsoft Visual Studio Solution File, Format Version 12.00
# Visual Studio Version 16
VisualStudioVersion = 16.0.29123.88
MinimumVisualStudioVersion = 10.0.40219.1
Project("{FAE04EC0-301F-11D3-BF4B-00C04F79EFBC}") = "Auction.Data Access Layer", "Auction.Data Access Layer\Auction.Data Access Layer.csproj", "{1C1CBD45-0BF3-48F0-A1F5-B55E9AF31AF1}"
EndProject
Global
	GlobalSection(SolutionConfigurationPlatforms) = preSolution
		Debug|Any CPU = Debug|Any CPU
		Release|Any CPU = Release|Any CPU
	EndGlobalSection
	GlobalSection(ProjectConfigurationPlatforms) = postSolution
		{1C1CBD45-0BF3-48F0-A1F5-B55E9AF31AF1}.Debug|Any CPU.ActiveCfg = Debug|Any CPU
		{1C1CBD45-0BF3-48F0-A1F5-B55E9AF31AF1}.Debug|Any CPU.Build.0 = Debug|Any CPU
		{1C1CBD45-0BF3-48F0-A1F5-B55E9AF31AF1}.Release|Any CPU.ActiveCfg = Release|Any CPU
		{1C1CBD45-0BF3-48F0-A1F5-B55E9AF31AF1}.Release|Any CPU.Build.0 = Release|Any CPU
	EndGlobalSection
	GlobalSection(SolutionProperties) = preSolution
		HideSolutionNode = FALSE
	EndGlobalSection
	GlobalSection(ExtensibilityGlobals) = postSolution
		SolutionGuid = {B7805C80-FDB1-4354-99D3-5CB16010CFD2}
	EndGlobalSection
EndGlobal
